
Microsoft Visual Studio Solution File, Format Version 12.00
# Visual Studio Version 16
VisualStudioVersion = 16.0.31515.178
MinimumVisualStudioVersion = 10.0.40219.1
Project("{00D1A9C2-B5F0-4AF3-8072-F6C62B433612}") = "ElectronicsDB", "ElectronicsDB\ElectronicsDB.sqlproj", "{FBDF7BBB-3C87-4DA5-9EC2-0EB9486A4538}"
EndProject
Project("{9A19103F-16F7-4668-BE54-9A1E7A4F7556}") = "ElectronicsModel.Library", "ElectronicsModel.Library\ElectronicsModel.Library.csproj", "{9EB588A4-010C-435C-ABBA-D1A17AD89C43}"
EndProject
Project("{9A19103F-16F7-4668-BE54-9A1E7A4F7556}") = "ElectronicsORM.Library", "ElectronicsORM.Library\ElectronicsORM.Library.csproj", "{05DDEDAC-F28B-444B-9509-49373C6E74A7}"
EndProject
Project("{9A19103F-16F7-4668-BE54-9A1E7A4F7556}") = "ElectronicsAPI", "ElectronicsAPI\ElectronicsAPI.csproj", "{DC757440-4B84-45AC-9806-C1D8F6E3A1DB}"
EndProject
Project("{2150E333-8FDC-42A3-9474-1A3956D46DE8}") = "Documentation", "Documentation", "{805B0F54-7917-4BE4-B1A8-604A2B35E03F}"
	ProjectSection(SolutionItems) = preProject
		Documentation\3-lags arkitekturen.odt = Documentation\3-lags arkitekturen.odt
		Documentation\electronicsdb_available_key_range.txt = Documentation\electronicsdb_available_key_range.txt
		Documentation\evaluation_presentation.odp = Documentation\evaluation_presentation.odp
		Documentation\H3_sql_alle.sql = Documentation\H3_sql_alle.sql
		Documentation\H3ElectronicsClassDiagram.drawio = Documentation\H3ElectronicsClassDiagram.drawio
		Documentation\H3ElectronicsClassDiagram.png = Documentation\H3ElectronicsClassDiagram.png
		Documentation\H3ElectronicsERDiagram.png = Documentation\H3ElectronicsERDiagram.png
		Documentation\ORM (Object Relationel Mappre).odt = Documentation\ORM (Object Relationel Mappre).odt
		Documentation\PostalCodes.csv = Documentation\PostalCodes.csv
		Documentation\REST API.odt = Documentation\REST API.odt
		Documentation\sql_normal_forms.txt = Documentation\sql_normal_forms.txt
		Documentation\testing_ground_sql.sql = Documentation\testing_ground_sql.sql
	EndProjectSection
EndProject
Project("{FAE04EC0-301F-11D3-BF4B-00C04F79EFBC}") = "ElectronicsWebUI", "ElectronicsWebUI\ElectronicsWebUI.csproj", "{66A424A4-464B-4C07-83FC-CC8DF345285C}"
EndProject
Global
	GlobalSection(SolutionConfigurationPlatforms) = preSolution
		Debug|Any CPU = Debug|Any CPU
		Release|Any CPU = Release|Any CPU
	EndGlobalSection
	GlobalSection(ProjectConfigurationPlatforms) = postSolution
		{FBDF7BBB-3C87-4DA5-9EC2-0EB9486A4538}.Debug|Any CPU.ActiveCfg = Debug|Any CPU
		{FBDF7BBB-3C87-4DA5-9EC2-0EB9486A4538}.Debug|Any CPU.Build.0 = Debug|Any CPU
		{FBDF7BBB-3C87-4DA5-9EC2-0EB9486A4538}.Debug|Any CPU.Deploy.0 = Debug|Any CPU
		{FBDF7BBB-3C87-4DA5-9EC2-0EB9486A4538}.Release|Any CPU.ActiveCfg = Release|Any CPU
		{FBDF7BBB-3C87-4DA5-9EC2-0EB9486A4538}.Release|Any CPU.Build.0 = Release|Any CPU
		{FBDF7BBB-3C87-4DA5-9EC2-0EB9486A4538}.Release|Any CPU.Deploy.0 = Release|Any CPU
		{9EB588A4-010C-435C-ABBA-D1A17AD89C43}.Debug|Any CPU.ActiveCfg = Debug|Any CPU
		{9EB588A4-010C-435C-ABBA-D1A17AD89C43}.Debug|Any CPU.Build.0 = Debug|Any CPU
		{9EB588A4-010C-435C-ABBA-D1A17AD89C43}.Release|Any CPU.ActiveCfg = Release|Any CPU
		{9EB588A4-010C-435C-ABBA-D1A17AD89C43}.Release|Any CPU.Build.0 = Release|Any CPU
		{05DDEDAC-F28B-444B-9509-49373C6E74A7}.Debug|Any CPU.ActiveCfg = Debug|Any CPU
		{05DDEDAC-F28B-444B-9509-49373C6E74A7}.Debug|Any CPU.Build.0 = Debug|Any CPU
		{05DDEDAC-F28B-444B-9509-49373C6E74A7}.Release|Any CPU.ActiveCfg = Release|Any CPU
		{05DDEDAC-F28B-444B-9509-49373C6E74A7}.Release|Any CPU.Build.0 = Release|Any CPU
		{DC757440-4B84-45AC-9806-C1D8F6E3A1DB}.Debug|Any CPU.ActiveCfg = Debug|Any CPU
		{DC757440-4B84-45AC-9806-C1D8F6E3A1DB}.Debug|Any CPU.Build.0 = Debug|Any CPU
		{DC757440-4B84-45AC-9806-C1D8F6E3A1DB}.Release|Any CPU.ActiveCfg = Release|Any CPU
		{DC757440-4B84-45AC-9806-C1D8F6E3A1DB}.Release|Any CPU.Build.0 = Release|Any CPU
		{66A424A4-464B-4C07-83FC-CC8DF345285C}.Debug|Any CPU.ActiveCfg = Debug|Any CPU
		{66A424A4-464B-4C07-83FC-CC8DF345285C}.Debug|Any CPU.Build.0 = Debug|Any CPU
		{66A424A4-464B-4C07-83FC-CC8DF345285C}.Release|Any CPU.ActiveCfg = Release|Any CPU
		{66A424A4-464B-4C07-83FC-CC8DF345285C}.Release|Any CPU.Build.0 = Release|Any CPU
	EndGlobalSection
	GlobalSection(SolutionProperties) = preSolution
		HideSolutionNode = FALSE
	EndGlobalSection
	GlobalSection(ExtensibilityGlobals) = postSolution
		SolutionGuid = {715EBF74-8EE2-4D84-8DFB-300D82B5B2D7}
	EndGlobalSection
EndGlobal
